
Microsoft Visual Studio Solution File, Format Version 12.00
# Visual Studio Version 17
VisualStudioVersion = 17.3.32929.385
MinimumVisualStudioVersion = 10.0.40219.1
Project("{9A19103F-16F7-4668-BE54-9A1E7A4F7556}") = "ConsoleApp_MLB", "ConsoleApp_MLB\ConsoleApp_MLB.csproj", "{2F91B8AD-DF42-415E-A288-0C4B85E98066}"
EndProject
Project("{FAE04EC0-301F-11D3-BF4B-00C04F79EFBC}") = "ConsoleApp_MLB.Test", "ConsoleApp_MLB.Test\ConsoleApp_MLB.Test.csproj", "{788A7BEC-FEDD-478B-8193-CB9A28225A9A}"
EndProject
Global
	GlobalSection(SolutionConfigurationPlatforms) = preSolution
		Debug|Any CPU = Debug|Any CPU
		Release|Any CPU = Release|Any CPU
	EndGlobalSection
	GlobalSection(ProjectConfigurationPlatforms) = postSolution
		{2F91B8AD-DF42-415E-A288-0C4B85E98066}.Debug|Any CPU.ActiveCfg = Debug|Any CPU
		{2F91B8AD-DF42-415E-A288-0C4B85E98066}.Debug|Any CPU.Build.0 = Debug|Any CPU
		{2F91B8AD-DF42-415E-A288-0C4B85E98066}.Release|Any CPU.ActiveCfg = Release|Any CPU
		{2F91B8AD-DF42-415E-A288-0C4B85E98066}.Release|Any CPU.Build.0 = Release|Any CPU
		{788A7BEC-FEDD-478B-8193-CB9A28225A9A}.Debug|Any CPU.ActiveCfg = Debug|Any CPU
		{788A7BEC-FEDD-478B-8193-CB9A28225A9A}.Debug|Any CPU.Build.0 = Debug|Any CPU
		{788A7BEC-FEDD-478B-8193-CB9A28225A9A}.Release|Any CPU.ActiveCfg = Release|Any CPU
		{788A7BEC-FEDD-478B-8193-CB9A28225A9A}.Release|Any CPU.Build.0 = Release|Any CPU
	EndGlobalSection
	GlobalSection(SolutionProperties) = preSolution
		HideSolutionNode = FALSE
	EndGlobalSection
	GlobalSection(ExtensibilityGlobals) = postSolution
		SolutionGuid = {7542BCC8-475A-42BF-9605-223857241885}
	EndGlobalSection
EndGlobal
